
Microsoft Visual Studio Solution File, Format Version 12.00
# Visual Studio 15
VisualStudioVersion = 15.0.26430.12
MinimumVisualStudioVersion = 10.0.40219.1
Project("{8BC9CEB8-8B4A-11D0-8D11-00A0C91BC942}") = "Exam-2-Party", "Exam-2-Party\Exam-2-Party.vcxproj", "{039A3FC7-2818-49B5-B767-C9CBC6F889DF}"
EndProject
Global
	GlobalSection(SolutionConfigurationPlatforms) = preSolution
		Debug|x64 = Debug|x64
		Debug|x86 = Debug|x86
		Release|x64 = Release|x64
		Release|x86 = Release|x86
	EndGlobalSection
	GlobalSection(ProjectConfigurationPlatforms) = postSolution
		{039A3FC7-2818-49B5-B767-C9CBC6F889DF}.Debug|x64.ActiveCfg = Debug|x64
		{039A3FC7-2818-49B5-B767-C9CBC6F889DF}.Debug|x64.Build.0 = Debug|x64
		{039A3FC7-2818-49B5-B767-C9CBC6F889DF}.Debug|x86.ActiveCfg = Debug|Win32
		{039A3FC7-2818-49B5-B767-C9CBC6F889DF}.Debug|x86.Build.0 = Debug|Win32
		{039A3FC7-2818-49B5-B767-C9CBC6F889DF}.Release|x64.ActiveCfg = Release|x64
		{039A3FC7-2818-49B5-B767-C9CBC6F889DF}.Release|x64.Build.0 = Release|x64
		{039A3FC7-2818-49B5-B767-C9CBC6F889DF}.Release|x86.ActiveCfg = Release|Win32
		{039A3FC7-2818-49B5-B767-C9CBC6F889DF}.Release|x86.Build.0 = Release|Win32
	EndGlobalSection
	GlobalSection(SolutionProperties) = preSolution
		HideSolutionNode = FALSE
	EndGlobalSection
EndGlobal
